
Microsoft Visual Studio Solution File, Format Version 12.00
# Visual Studio Version 16
VisualStudioVersion = 16.0.29709.97
MinimumVisualStudioVersion = 10.0.40219.1
Project("{FAE04EC0-301F-11D3-BF4B-00C04F79EFBC}") = "PR01_02_1", "PR01_02_1\PR01_02_1.csproj", "{BF3BFB0D-C716-4A10-A7E7-2398407CD8F3}"
EndProject
Global
	GlobalSection(SolutionConfigurationPlatforms) = preSolution
		Debug|Any CPU = Debug|Any CPU
		Release|Any CPU = Release|Any CPU
	EndGlobalSection
	GlobalSection(ProjectConfigurationPlatforms) = postSolution
		{BF3BFB0D-C716-4A10-A7E7-2398407CD8F3}.Debug|Any CPU.ActiveCfg = Debug|Any CPU
		{BF3BFB0D-C716-4A10-A7E7-2398407CD8F3}.Debug|Any CPU.Build.0 = Debug|Any CPU
		{BF3BFB0D-C716-4A10-A7E7-2398407CD8F3}.Release|Any CPU.ActiveCfg = Release|Any CPU
		{BF3BFB0D-C716-4A10-A7E7-2398407CD8F3}.Release|Any CPU.Build.0 = Release|Any CPU
	EndGlobalSection
	GlobalSection(SolutionProperties) = preSolution
		HideSolutionNode = FALSE
	EndGlobalSection
	GlobalSection(ExtensibilityGlobals) = postSolution
		SolutionGuid = {D1D6ACEA-EF2B-4F7E-98E2-826FF5EF3CF5}
	EndGlobalSection
EndGlobal
